
Microsoft Visual Studio Solution File, Format Version 11.00
# Visual Studio 2010
Project("{FAE04EC0-301F-11D3-BF4B-00C04F79EFBC}") = "FTOptix.OPCUAClient.Net", "FTOptix.OPCUAClient.Net.csproj", "{F7C70C89-B273-493C-A572-1C937EE0527A}"
EndProject
Global
	GlobalSection(SolutionConfigurationPlatforms) = preSolution
		Debug|Any CPU = Debug|Any CPU
		Release|Any CPU = Release|Any CPU
	EndGlobalSection
	GlobalSection(ProjectConfigurationPlatforms) = postSolution
		{F7C70C89-B273-493C-A572-1C937EE0527A}.Debug|Any CPU.ActiveCfg = Debug|Any CPU
		{F7C70C89-B273-493C-A572-1C937EE0527A}.Debug|Any CPU.Build.0 = Debug|Any CPU
		{F7C70C89-B273-493C-A572-1C937EE0527A}.Release|Any CPU.ActiveCfg = Release|Any CPU
		{F7C70C89-B273-493C-A572-1C937EE0527A}.Release|Any CPU.Build.0 = Release|Any CPU
	EndGlobalSection
	GlobalSection(SolutionProperties) = preSolution
		HideSolutionNode = FALSE
	EndGlobalSection
EndGlobal
