
Microsoft Visual Studio Solution File, Format Version 11.00
# Visual Studio 2010
Project("{FAE04EC0-301F-11D3-BF4B-00C04F79EFBC}") = "UAManagedCoreCommon", "UAManagedCoreCommon.csproj", "{9CADAE7B-9C36-4C86-903C-30919F7F0988}"
EndProject
Global
	GlobalSection(SolutionConfigurationPlatforms) = preSolution
		Debug|Any CPU = Debug|Any CPU
		Release|Any CPU = Release|Any CPU
	EndGlobalSection
	GlobalSection(ProjectConfigurationPlatforms) = postSolution
		{9CADAE7B-9C36-4C86-903C-30919F7F0988}.Debug|Any CPU.ActiveCfg = Debug|Any CPU
		{9CADAE7B-9C36-4C86-903C-30919F7F0988}.Debug|Any CPU.Build.0 = Debug|Any CPU
		{9CADAE7B-9C36-4C86-903C-30919F7F0988}.Release|Any CPU.ActiveCfg = Release|Any CPU
		{9CADAE7B-9C36-4C86-903C-30919F7F0988}.Release|Any CPU.Build.0 = Release|Any CPU
	EndGlobalSection
	GlobalSection(SolutionProperties) = preSolution
		HideSolutionNode = FALSE
	EndGlobalSection
EndGlobal
