
Microsoft Visual Studio Solution File, Format Version 11.00
# Visual Studio 2010
Project("{FAE04EC0-301F-11D3-BF4B-00C04F79EFBC}") = "FTOptix.ODBCStore.Net", "FTOptix.ODBCStore.Net.csproj", "{2C23FEE8-A0CC-4831-9F70-0CA7A27BA94B}"
EndProject
Global
	GlobalSection(SolutionConfigurationPlatforms) = preSolution
		Debug|Any CPU = Debug|Any CPU
		Release|Any CPU = Release|Any CPU
	EndGlobalSection
	GlobalSection(ProjectConfigurationPlatforms) = postSolution
		{2C23FEE8-A0CC-4831-9F70-0CA7A27BA94B}.Debug|Any CPU.ActiveCfg = Debug|Any CPU
		{2C23FEE8-A0CC-4831-9F70-0CA7A27BA94B}.Debug|Any CPU.Build.0 = Debug|Any CPU
		{2C23FEE8-A0CC-4831-9F70-0CA7A27BA94B}.Release|Any CPU.ActiveCfg = Release|Any CPU
		{2C23FEE8-A0CC-4831-9F70-0CA7A27BA94B}.Release|Any CPU.Build.0 = Release|Any CPU
	EndGlobalSection
	GlobalSection(SolutionProperties) = preSolution
		HideSolutionNode = FALSE
	EndGlobalSection
EndGlobal
