
Microsoft Visual Studio Solution File, Format Version 11.00
# Visual Studio 2010
Project("{FAE04EC0-301F-11D3-BF4B-00C04F79EFBC}") = "FTOptix.MelsecFX3U.Net", "FTOptix.MelsecFX3U.Net.csproj", "{69C9F292-0880-4FD8-AE04-9D430E7048EB}"
EndProject
Global
	GlobalSection(SolutionConfigurationPlatforms) = preSolution
		Debug|Any CPU = Debug|Any CPU
		Release|Any CPU = Release|Any CPU
	EndGlobalSection
	GlobalSection(ProjectConfigurationPlatforms) = postSolution
		{69C9F292-0880-4FD8-AE04-9D430E7048EB}.Debug|Any CPU.ActiveCfg = Debug|Any CPU
		{69C9F292-0880-4FD8-AE04-9D430E7048EB}.Debug|Any CPU.Build.0 = Debug|Any CPU
		{69C9F292-0880-4FD8-AE04-9D430E7048EB}.Release|Any CPU.ActiveCfg = Release|Any CPU
		{69C9F292-0880-4FD8-AE04-9D430E7048EB}.Release|Any CPU.Build.0 = Release|Any CPU
	EndGlobalSection
	GlobalSection(SolutionProperties) = preSolution
		HideSolutionNode = FALSE
	EndGlobalSection
EndGlobal
