
Microsoft Visual Studio Solution File, Format Version 11.00
# Visual Studio 2010
Project("{FAE04EC0-301F-11D3-BF4B-00C04F79EFBC}") = "FTOptix.OPCUAServer.Net", "FTOptix.OPCUAServer.Net.csproj", "{5F4B5B63-FAD9-4CFC-A2B4-0D402D5115FC}"
EndProject
Global
	GlobalSection(SolutionConfigurationPlatforms) = preSolution
		Debug|Any CPU = Debug|Any CPU
		Release|Any CPU = Release|Any CPU
	EndGlobalSection
	GlobalSection(ProjectConfigurationPlatforms) = postSolution
		{5F4B5B63-FAD9-4CFC-A2B4-0D402D5115FC}.Debug|Any CPU.ActiveCfg = Debug|Any CPU
		{5F4B5B63-FAD9-4CFC-A2B4-0D402D5115FC}.Debug|Any CPU.Build.0 = Debug|Any CPU
		{5F4B5B63-FAD9-4CFC-A2B4-0D402D5115FC}.Release|Any CPU.ActiveCfg = Release|Any CPU
		{5F4B5B63-FAD9-4CFC-A2B4-0D402D5115FC}.Release|Any CPU.Build.0 = Release|Any CPU
	EndGlobalSection
	GlobalSection(SolutionProperties) = preSolution
		HideSolutionNode = FALSE
	EndGlobalSection
EndGlobal
