
Microsoft Visual Studio Solution File, Format Version 11.00
# Visual Studio 2010
Project("{FAE04EC0-301F-11D3-BF4B-00C04F79EFBC}") = "FTOptix.Alarm.Net", "FTOptix.Alarm.Net.csproj", "{CAF4EA8E-471A-4E15-A22E-485FC18FDBDD}"
EndProject
Global
	GlobalSection(SolutionConfigurationPlatforms) = preSolution
		Debug|Any CPU = Debug|Any CPU
		Release|Any CPU = Release|Any CPU
	EndGlobalSection
	GlobalSection(ProjectConfigurationPlatforms) = postSolution
		{CAF4EA8E-471A-4E15-A22E-485FC18FDBDD}.Debug|Any CPU.ActiveCfg = Debug|Any CPU
		{CAF4EA8E-471A-4E15-A22E-485FC18FDBDD}.Debug|Any CPU.Build.0 = Debug|Any CPU
		{CAF4EA8E-471A-4E15-A22E-485FC18FDBDD}.Release|Any CPU.ActiveCfg = Release|Any CPU
		{CAF4EA8E-471A-4E15-A22E-485FC18FDBDD}.Release|Any CPU.Build.0 = Release|Any CPU
	EndGlobalSection
	GlobalSection(SolutionProperties) = preSolution
		HideSolutionNode = FALSE
	EndGlobalSection
EndGlobal
