
Microsoft Visual Studio Solution File, Format Version 11.00
# Visual Studio 2010
Project("{FAE04EC0-301F-11D3-BF4B-00C04F79EFBC}") = "UAManagedCore", "UAManagedCore.csproj", "{CC3840AA-06A4-41B8-B6B4-07066101629D}"
EndProject
Global
	GlobalSection(SolutionConfigurationPlatforms) = preSolution
		Debug|Any CPU = Debug|Any CPU
		Release|Any CPU = Release|Any CPU
	EndGlobalSection
	GlobalSection(ProjectConfigurationPlatforms) = postSolution
		{CC3840AA-06A4-41B8-B6B4-07066101629D}.Debug|Any CPU.ActiveCfg = Debug|Any CPU
		{CC3840AA-06A4-41B8-B6B4-07066101629D}.Debug|Any CPU.Build.0 = Debug|Any CPU
		{CC3840AA-06A4-41B8-B6B4-07066101629D}.Release|Any CPU.ActiveCfg = Release|Any CPU
		{CC3840AA-06A4-41B8-B6B4-07066101629D}.Release|Any CPU.Build.0 = Release|Any CPU
	EndGlobalSection
	GlobalSection(SolutionProperties) = preSolution
		HideSolutionNode = FALSE
	EndGlobalSection
EndGlobal
